
Microsoft Visual Studio Solution File, Format Version 12.00
# Visual Studio 14
VisualStudioVersion = 14.0.25420.1
MinimumVisualStudioVersion = 10.0.40219.1
Project("{262852C6-CD72-467D-83FE-5EEB1973A190}") = "MyJSON1_1", "MyJSON1_1\MyJSON1_1.jsproj", "{8C01CA30-1A50-41EA-8AD4-C7BB07804319}"
EndProject
Project("{262852C6-CD72-467D-83FE-5EEB1973A190}") = "MyJSON1_2", "MyJSON1_2\MyJSON1_2.jsproj", "{0D7DCA36-E06E-487F-884A-8FFADC6DA878}"
EndProject
Project("{262852C6-CD72-467D-83FE-5EEB1973A190}") = "MyJSON1_3", "MyJSON1_3\MyJSON1_3.jsproj", "{A78D2459-BD4E-4547-A624-9E354E26161B}"
EndProject
Project("{262852C6-CD72-467D-83FE-5EEB1973A190}") = "MyJSON1_4", "MyJSON1_4\MyJSON1_4.jsproj", "{C13B3FDF-A0AC-4898-8AB7-B69BD9462135}"
EndProject
Global
	GlobalSection(SolutionConfigurationPlatforms) = preSolution
		Debug|Any CPU = Debug|Any CPU
		Debug|ARM = Debug|ARM
		Debug|x64 = Debug|x64
		Debug|x86 = Debug|x86
		Release|Any CPU = Release|Any CPU
		Release|ARM = Release|ARM
		Release|x64 = Release|x64
		Release|x86 = Release|x86
	EndGlobalSection
	GlobalSection(ProjectConfigurationPlatforms) = postSolution
		{8C01CA30-1A50-41EA-8AD4-C7BB07804319}.Debug|Any CPU.ActiveCfg = Debug|Any CPU
		{8C01CA30-1A50-41EA-8AD4-C7BB07804319}.Debug|ARM.ActiveCfg = Debug|ARM
		{8C01CA30-1A50-41EA-8AD4-C7BB07804319}.Debug|ARM.Build.0 = Debug|ARM
		{8C01CA30-1A50-41EA-8AD4-C7BB07804319}.Debug|ARM.Deploy.0 = Debug|ARM
		{8C01CA30-1A50-41EA-8AD4-C7BB07804319}.Debug|x64.ActiveCfg = Debug|x64
		{8C01CA30-1A50-41EA-8AD4-C7BB07804319}.Debug|x64.Build.0 = Debug|x64
		{8C01CA30-1A50-41EA-8AD4-C7BB07804319}.Debug|x64.Deploy.0 = Debug|x64
		{8C01CA30-1A50-41EA-8AD4-C7BB07804319}.Debug|x86.ActiveCfg = Debug|x86
		{8C01CA30-1A50-41EA-8AD4-C7BB07804319}.Debug|x86.Build.0 = Debug|x86
		{8C01CA30-1A50-41EA-8AD4-C7BB07804319}.Debug|x86.Deploy.0 = Debug|x86
		{8C01CA30-1A50-41EA-8AD4-C7BB07804319}.Release|Any CPU.ActiveCfg = Release|Any CPU
		{8C01CA30-1A50-41EA-8AD4-C7BB07804319}.Release|Any CPU.Build.0 = Release|Any CPU
		{8C01CA30-1A50-41EA-8AD4-C7BB07804319}.Release|Any CPU.Deploy.0 = Release|Any CPU
		{8C01CA30-1A50-41EA-8AD4-C7BB07804319}.Release|ARM.ActiveCfg = Release|ARM
		{8C01CA30-1A50-41EA-8AD4-C7BB07804319}.Release|ARM.Build.0 = Release|ARM
		{8C01CA30-1A50-41EA-8AD4-C7BB07804319}.Release|ARM.Deploy.0 = Release|ARM
		{8C01CA30-1A50-41EA-8AD4-C7BB07804319}.Release|x64.ActiveCfg = Release|x64
		{8C01CA30-1A50-41EA-8AD4-C7BB07804319}.Release|x64.Build.0 = Release|x64
		{8C01CA30-1A50-41EA-8AD4-C7BB07804319}.Release|x64.Deploy.0 = Release|x64
		{8C01CA30-1A50-41EA-8AD4-C7BB07804319}.Release|x86.ActiveCfg = Release|x86
		{8C01CA30-1A50-41EA-8AD4-C7BB07804319}.Release|x86.Build.0 = Release|x86
		{8C01CA30-1A50-41EA-8AD4-C7BB07804319}.Release|x86.Deploy.0 = Release|x86
		{0D7DCA36-E06E-487F-884A-8FFADC6DA878}.Debug|Any CPU.ActiveCfg = Debug|Any CPU
		{0D7DCA36-E06E-487F-884A-8FFADC6DA878}.Debug|ARM.ActiveCfg = Debug|ARM
		{0D7DCA36-E06E-487F-884A-8FFADC6DA878}.Debug|ARM.Build.0 = Debug|ARM
		{0D7DCA36-E06E-487F-884A-8FFADC6DA878}.Debug|ARM.Deploy.0 = Debug|ARM
		{0D7DCA36-E06E-487F-884A-8FFADC6DA878}.Debug|x64.ActiveCfg = Debug|x64
		{0D7DCA36-E06E-487F-884A-8FFADC6DA878}.Debug|x64.Build.0 = Debug|x64
		{0D7DCA36-E06E-487F-884A-8FFADC6DA878}.Debug|x64.Deploy.0 = Debug|x64
		{0D7DCA36-E06E-487F-884A-8FFADC6DA878}.Debug|x86.ActiveCfg = Debug|x86
		{0D7DCA36-E06E-487F-884A-8FFADC6DA878}.Debug|x86.Build.0 = Debug|x86
		{0D7DCA36-E06E-487F-884A-8FFADC6DA878}.Debug|x86.Deploy.0 = Debug|x86
		{0D7DCA36-E06E-487F-884A-8FFADC6DA878}.Release|Any CPU.ActiveCfg = Release|Any CPU
		{0D7DCA36-E06E-487F-884A-8FFADC6DA878}.Release|Any CPU.Build.0 = Release|Any CPU
		{0D7DCA36-E06E-487F-884A-8FFADC6DA878}.Release|Any CPU.Deploy.0 = Release|Any CPU
		{0D7DCA36-E06E-487F-884A-8FFADC6DA878}.Release|ARM.ActiveCfg = Release|ARM
		{0D7DCA36-E06E-487F-884A-8FFADC6DA878}.Release|ARM.Build.0 = Release|ARM
		{0D7DCA36-E06E-487F-884A-8FFADC6DA878}.Release|ARM.Deploy.0 = Release|ARM
		{0D7DCA36-E06E-487F-884A-8FFADC6DA878}.Release|x64.ActiveCfg = Release|x64
		{0D7DCA36-E06E-487F-884A-8FFADC6DA878}.Release|x64.Build.0 = Release|x64
		{0D7DCA36-E06E-487F-884A-8FFADC6DA878}.Release|x64.Deploy.0 = Release|x64
		{0D7DCA36-E06E-487F-884A-8FFADC6DA878}.Release|x86.ActiveCfg = Release|x86
		{0D7DCA36-E06E-487F-884A-8FFADC6DA878}.Release|x86.Build.0 = Release|x86
		{0D7DCA36-E06E-487F-884A-8FFADC6DA878}.Release|x86.Deploy.0 = Release|x86
		{A78D2459-BD4E-4547-A624-9E354E26161B}.Debug|Any CPU.ActiveCfg = Debug|Any CPU
		{A78D2459-BD4E-4547-A624-9E354E26161B}.Debug|ARM.ActiveCfg = Debug|ARM
		{A78D2459-BD4E-4547-A624-9E354E26161B}.Debug|ARM.Build.0 = Debug|ARM
		{A78D2459-BD4E-4547-A624-9E354E26161B}.Debug|ARM.Deploy.0 = Debug|ARM
		{A78D2459-BD4E-4547-A624-9E354E26161B}.Debug|x64.ActiveCfg = Debug|x64
		{A78D2459-BD4E-4547-A624-9E354E26161B}.Debug|x64.Build.0 = Debug|x64
		{A78D2459-BD4E-4547-A624-9E354E26161B}.Debug|x64.Deploy.0 = Debug|x64
		{A78D2459-BD4E-4547-A624-9E354E26161B}.Debug|x86.ActiveCfg = Debug|x86
		{A78D2459-BD4E-4547-A624-9E354E26161B}.Debug|x86.Build.0 = Debug|x86
		{A78D2459-BD4E-4547-A624-9E354E26161B}.Debug|x86.Deploy.0 = Debug|x86
		{A78D2459-BD4E-4547-A624-9E354E26161B}.Release|Any CPU.ActiveCfg = Release|Any CPU
		{A78D2459-BD4E-4547-A624-9E354E26161B}.Release|Any CPU.Build.0 = Release|Any CPU
		{A78D2459-BD4E-4547-A624-9E354E26161B}.Release|Any CPU.Deploy.0 = Release|Any CPU
		{A78D2459-BD4E-4547-A624-9E354E26161B}.Release|ARM.ActiveCfg = Release|ARM
		{A78D2459-BD4E-4547-A624-9E354E26161B}.Release|ARM.Build.0 = Release|ARM
		{A78D2459-BD4E-4547-A624-9E354E26161B}.Release|ARM.Deploy.0 = Release|ARM
		{A78D2459-BD4E-4547-A624-9E354E26161B}.Release|x64.ActiveCfg = Release|x64
		{A78D2459-BD4E-4547-A624-9E354E26161B}.Release|x64.Build.0 = Release|x64
		{A78D2459-BD4E-4547-A624-9E354E26161B}.Release|x64.Deploy.0 = Release|x64
		{A78D2459-BD4E-4547-A624-9E354E26161B}.Release|x86.ActiveCfg = Release|x86
		{A78D2459-BD4E-4547-A624-9E354E26161B}.Release|x86.Build.0 = Release|x86
		{A78D2459-BD4E-4547-A624-9E354E26161B}.Release|x86.Deploy.0 = Release|x86
		{C13B3FDF-A0AC-4898-8AB7-B69BD9462135}.Debug|Any CPU.ActiveCfg = Debug|Any CPU
		{C13B3FDF-A0AC-4898-8AB7-B69BD9462135}.Debug|Any CPU.Build.0 = Debug|Any CPU
		{C13B3FDF-A0AC-4898-8AB7-B69BD9462135}.Debug|Any CPU.Deploy.0 = Debug|Any CPU
		{C13B3FDF-A0AC-4898-8AB7-B69BD9462135}.Debug|ARM.ActiveCfg = Debug|ARM
		{C13B3FDF-A0AC-4898-8AB7-B69BD9462135}.Debug|ARM.Build.0 = Debug|ARM
		{C13B3FDF-A0AC-4898-8AB7-B69BD9462135}.Debug|ARM.Deploy.0 = Debug|ARM
		{C13B3FDF-A0AC-4898-8AB7-B69BD9462135}.Debug|x64.ActiveCfg = Debug|x64
		{C13B3FDF-A0AC-4898-8AB7-B69BD9462135}.Debug|x64.Build.0 = Debug|x64
		{C13B3FDF-A0AC-4898-8AB7-B69BD9462135}.Debug|x64.Deploy.0 = Debug|x64
		{C13B3FDF-A0AC-4898-8AB7-B69BD9462135}.Debug|x86.ActiveCfg = Debug|x86
		{C13B3FDF-A0AC-4898-8AB7-B69BD9462135}.Debug|x86.Build.0 = Debug|x86
		{C13B3FDF-A0AC-4898-8AB7-B69BD9462135}.Debug|x86.Deploy.0 = Debug|x86
		{C13B3FDF-A0AC-4898-8AB7-B69BD9462135}.Release|Any CPU.ActiveCfg = Release|Any CPU
		{C13B3FDF-A0AC-4898-8AB7-B69BD9462135}.Release|Any CPU.Build.0 = Release|Any CPU
		{C13B3FDF-A0AC-4898-8AB7-B69BD9462135}.Release|Any CPU.Deploy.0 = Release|Any CPU
		{C13B3FDF-A0AC-4898-8AB7-B69BD9462135}.Release|ARM.ActiveCfg = Release|ARM
		{C13B3FDF-A0AC-4898-8AB7-B69BD9462135}.Release|ARM.Build.0 = Release|ARM
		{C13B3FDF-A0AC-4898-8AB7-B69BD9462135}.Release|ARM.Deploy.0 = Release|ARM
		{C13B3FDF-A0AC-4898-8AB7-B69BD9462135}.Release|x64.ActiveCfg = Release|x64
		{C13B3FDF-A0AC-4898-8AB7-B69BD9462135}.Release|x64.Build.0 = Release|x64
		{C13B3FDF-A0AC-4898-8AB7-B69BD9462135}.Release|x64.Deploy.0 = Release|x64
		{C13B3FDF-A0AC-4898-8AB7-B69BD9462135}.Release|x86.ActiveCfg = Release|x86
		{C13B3FDF-A0AC-4898-8AB7-B69BD9462135}.Release|x86.Build.0 = Release|x86
		{C13B3FDF-A0AC-4898-8AB7-B69BD9462135}.Release|x86.Deploy.0 = Release|x86
	EndGlobalSection
	GlobalSection(SolutionProperties) = preSolution
		HideSolutionNode = FALSE
	EndGlobalSection
EndGlobal
